<?xml version="1.0" encoding="utf-8"?>
<Project ToolsVersion="4.0" xmlns="http://schemas.microsoft.com/developer/msbuild/2003">
  <ItemGroup>
    <Filter Include="Source Files">
      <UniqueIdentifier>{4FC737F1-C7A5-4376-A066-2A32D752A2FF}</UniqueIdentifier>
      <Extensions>cpp;c;cc;cxx;def;odl;idl;hpj;bat;asm;asmx</Extensions>
    </Filter>
    <Filter Include="Header Files">
      <UniqueIdentifier>{93995380-89BD-4b04-88EB-625FBE52EBFB}</UniqueIdentifier>
      <Extensions>h;hpp;hxx;hm;inl;inc;xsd</Extensions>
    </Filter>
    <Filter Include="Resource Files">
      <UniqueIdentifier>{67DA6AB6-F800-4c08-8B7A-83BB121AAD01}</UniqueIdentifier>
      <Extensions>rc;ico;cur;bmp;dlg;rc2;rct;bin;rgs;gif;jpg;jpeg;jpe;resx;tiff;tif;png;wav;mfcribbon-ms</Extensions>
    </Filter>
    <Filter Include="Source Files\glb">
      <UniqueIdentifier>{1778f267-024d-4a1c-823b-20b5f35f3069}</UniqueIdentifier>
    </Filter>
    <Filter Include="Header Files\glb">
      <UniqueIdentifier>{25b02931-8c15-4c86-827a-77225d97c7a6}</UniqueIdentifier>
    </Filter>
    <Filter Include="Header Files\ogre3d">
      <UniqueIdentifier>{634ac2fc-7911-4a82-a789-ae6dc499baa7}</UniqueIdentifier>
    </Filter>
    <Filter Include="Source Files\ogre3d">
      <UniqueIdentifier>{1643767b-4ff5-4d6b-aae9-969c20e0cbe8}</UniqueIdentifier>
    </Filter>
    <Filter Include="Resource Files\ogre_scripts">
      <UniqueIdentifier>{431d0b81-b9d2-4629-b64b-ab6ac9c09331}</UniqueIdentifier>
    </Filter>
  </ItemGroup>
  <ItemGroup>
    <ClCompile Include="src\config_param.c">
      <Filter>Source Files</Filter>
    </ClCompile>
    <ClCompile Include="src\convolve_fx.c">
      <Filter>Source Files</Filter>
    </ClCompile>
    <ClCompile Include="src\goom_core.c">
      <Filter>Source Files</Filter>
    </ClCompile>
    <ClCompile Include="src\gstgoom.c">
      <Filter>Source Files</Filter>
    </ClCompile>
    <ClCompile Include="src\ifs.c">
      <Filter>Source Files</Filter>
    </ClCompile>
    <ClCompile Include="src\plugin_info.c">
      <Filter>Source Files</Filter>
    </ClCompile>
    <ClCompile Include="src\sound_tester.c">
      <Filter>Source Files</Filter>
    </ClCompile>
    <ClCompile Include="src\tentacle3d.c">
      <Filter>Source Files</Filter>
    </ClCompile>
    <ClCompile Include="src\lines.c">
      <Filter>Source Files</Filter>
    </ClCompile>
    <ClCompile Include="src\drawmethods.c">
      <Filter>Source Files</Filter>
    </ClCompile>
    <ClCompile Include="src\filters.c">
      <Filter>Source Files</Filter>
    </ClCompile>
    <ClCompile Include="src\flying_stars_fx.c">
      <Filter>Source Files</Filter>
    </ClCompile>
    <ClCompile Include="src\goom_tools.c">
      <Filter>Source Files</Filter>
    </ClCompile>
    <ClCompile Include="src\graphic.c">
      <Filter>Source Files</Filter>
    </ClCompile>
    <ClCompile Include="src\mathtools.c">
      <Filter>Source Files</Filter>
    </ClCompile>
    <ClCompile Include="src\mmx.c">
      <Filter>Source Files</Filter>
    </ClCompile>
    <ClCompile Include="src\surf3d.c">
      <Filter>Source Files</Filter>
    </ClCompile>
    <ClCompile Include="src\v3d.c">
      <Filter>Source Files</Filter>
    </ClCompile>
    <ClCompile Include="src\xmmx.c">
      <Filter>Source Files</Filter>
    </ClCompile>
    <ClCompile Include="src\glb_basic.cpp">
      <Filter>Source Files</Filter>
    </ClCompile>
    <ClCompile Include="src\glb_vlines_visualfx.cpp">
      <Filter>Source Files\glb</Filter>
    </ClCompile>
    <ClCompile Include="src\glb_visualfx.cpp">
      <Filter>Source Files\glb</Filter>
    </ClCompile>
    <ClCompile Include="src\glb_circles_visualfx.cpp">
      <Filter>Source Files\glb</Filter>
    </ClCompile>
    <ClCompile Include="src\ogre3d\ParticleFX.cpp">
      <Filter>Source Files\ogre3d</Filter>
    </ClCompile>
    <ClCompile Include="src\ogre3d\SampleBrowser.cpp">
      <Filter>Source Files\ogre3d</Filter>
    </ClCompile>
    <ClCompile Include="src\ogre3d\FileSystemLayerImpl_WIN32.cpp">
      <Filter>Source Files\ogre3d</Filter>
    </ClCompile>
    <ClCompile Include="src\glb_ogre3d_visualfx.cpp">
      <Filter>Source Files\glb</Filter>
    </ClCompile>
  </ItemGroup>
  <ItemGroup>
    <ClInclude Include="src\drawmethods.h">
      <Filter>Header Files</Filter>
    </ClInclude>
    <ClInclude Include="src\goom.h">
      <Filter>Header Files</Filter>
    </ClInclude>
    <ClInclude Include="src\goom_config.h">
      <Filter>Header Files</Filter>
    </ClInclude>
    <ClInclude Include="src\goom_config_param.h">
      <Filter>Header Files</Filter>
    </ClInclude>
    <ClInclude Include="src\goom_filters.h">
      <Filter>Header Files</Filter>
    </ClInclude>
    <ClInclude Include="src\goom_fx.h">
      <Filter>Header Files</Filter>
    </ClInclude>
    <ClInclude Include="src\goom_graphic.h">
      <Filter>Header Files</Filter>
    </ClInclude>
    <ClInclude Include="src\goom_plugin_info.h">
      <Filter>Header Files</Filter>
    </ClInclude>
    <ClInclude Include="src\goom_tools.h">
      <Filter>Header Files</Filter>
    </ClInclude>
    <ClInclude Include="src\goom_typedefs.h">
      <Filter>Header Files</Filter>
    </ClInclude>
    <ClInclude Include="src\goom_visual_fx.h">
      <Filter>Header Files</Filter>
    </ClInclude>
    <ClInclude Include="src\gstgoom.h">
      <Filter>Header Files</Filter>
    </ClInclude>
    <ClInclude Include="src\ifs.h">
      <Filter>Header Files</Filter>
    </ClInclude>
    <ClInclude Include="src\lines.h">
      <Filter>Header Files</Filter>
    </ClInclude>
    <ClInclude Include="src\mathtools.h">
      <Filter>Header Files</Filter>
    </ClInclude>
    <ClInclude Include="src\mmx.h">
      <Filter>Header Files</Filter>
    </ClInclude>
    <ClInclude Include="src\motif_goom1.h">
      <Filter>Header Files</Filter>
    </ClInclude>
    <ClInclude Include="src\motif_goom2.h">
      <Filter>Header Files</Filter>
    </ClInclude>
    <ClInclude Include="src\ppc_drawings.h">
      <Filter>Header Files</Filter>
    </ClInclude>
    <ClInclude Include="src\ppc_zoom_ultimate.h">
      <Filter>Header Files</Filter>
    </ClInclude>
    <ClInclude Include="src\sound_tester.h">
      <Filter>Header Files</Filter>
    </ClInclude>
    <ClInclude Include="src\surf3d.h">
      <Filter>Header Files</Filter>
    </ClInclude>
    <ClInclude Include="src\tentacle3d.h">
      <Filter>Header Files</Filter>
    </ClInclude>
    <ClInclude Include="src\v3d.h">
      <Filter>Header Files</Filter>
    </ClInclude>
    <ClInclude Include="src\xmmx.h">
      <Filter>Header Files</Filter>
    </ClInclude>
    <ClInclude Include="src\glb_basic.h">
      <Filter>Header Files</Filter>
    </ClInclude>
    <ClInclude Include="src\glb_visualfx.h">
      <Filter>Header Files\glb</Filter>
    </ClInclude>
    <ClInclude Include="src\glb_vlines_visualfx.h">
      <Filter>Header Files\glb</Filter>
    </ClInclude>
    <ClInclude Include="src\glb_circles_visualfx.h">
      <Filter>Header Files\glb</Filter>
    </ClInclude>
    <ClInclude Include="src\ogre3d\ParticleFX.h">
      <Filter>Header Files\ogre3d</Filter>
    </ClInclude>
    <ClInclude Include="src\ogre3d\SdkSample.h">
      <Filter>Header Files\ogre3d</Filter>
    </ClInclude>
    <ClInclude Include="src\ogre3d\SamplePlugin.h">
      <Filter>Header Files\ogre3d</Filter>
    </ClInclude>
    <ClInclude Include="src\ogre3d\Sample.h">
      <Filter>Header Files\ogre3d</Filter>
    </ClInclude>
    <ClInclude Include="src\ogre3d\SdkTrays.h">
      <Filter>Header Files\ogre3d</Filter>
    </ClInclude>
    <ClInclude Include="src\ogre3d\SdkCameraMan.h">
      <Filter>Header Files</Filter>
    </ClInclude>
    <ClInclude Include="src\ogre3d\SampleContext.h">
      <Filter>Header Files\ogre3d</Filter>
    </ClInclude>
    <ClInclude Include="src\ogre3d\SampleBrowser.h">
      <Filter>Header Files\ogre3d</Filter>
    </ClInclude>
    <ClInclude Include="src\ogre3d\FileSystemLayerImpl.h">
      <Filter>Header Files\ogre3d</Filter>
    </ClInclude>
    <ClInclude Include="src\ogre3d\FileSystemLayer.h">
      <Filter>Header Files\ogre3d</Filter>
    </ClInclude>
    <ClInclude Include="src\glb_ogre3d_visualfx.h">
      <Filter>Header Files\glb</Filter>
    </ClInclude>
  </ItemGroup>
  <ItemGroup>
    <None Include="..\bin\Debug\plugins_d.cfg">
      <Filter>Resource Files</Filter>
    </None>
    <None Include="..\bin\Debug\resources_d.cfg">
      <Filter>Resource Files</Filter>
    </None>
    <None Include="..\bin\Debug\samples_d.cfg">
      <Filter>Resource Files</Filter>
    </None>
    <None Include="..\..\..\..\cpp\ogre_src_v1-7-3\Samples\Media\particle\emitted_emitter.particle">
      <Filter>Resource Files\ogre_scripts</Filter>
    </None>
    <None Include="..\..\..\..\cpp\ogre_src_v1-7-3\Samples\Media\particle\Examples.particle">
      <Filter>Resource Files\ogre_scripts</Filter>
    </None>
    <None Include="..\..\..\..\cpp\ogre_src_v1-7-3\Samples\Media\particle\Examples-Water.particle">
      <Filter>Resource Files\ogre_scripts</Filter>
    </None>
    <None Include="..\..\..\..\cpp\ogre_src_v1-7-3\Samples\Media\particle\smoke.particle">
      <Filter>Resource Files\ogre_scripts</Filter>
    </None>
  </ItemGroup>
</Project>